
Microsoft Visual Studio Solution File, Format Version 12.00
# Visual Studio Version 17
VisualStudioVersion = 17.3.32901.215
MinimumVisualStudioVersion = 10.0.40219.1
Project("{FAE04EC0-301F-11D3-BF4B-00C04F79EFBC}") = "BLAZOR server", "BLAZOR server\BLAZOR server.csproj", "{BD50F01E-22DA-4266-A600-8F3E47FDEC3D}"
EndProject
Global
	GlobalSection(SolutionConfigurationPlatforms) = preSolution
		Debug|Any CPU = Debug|Any CPU
		Release|Any CPU = Release|Any CPU
	EndGlobalSection
	GlobalSection(ProjectConfigurationPlatforms) = postSolution
		{BD50F01E-22DA-4266-A600-8F3E47FDEC3D}.Debug|Any CPU.ActiveCfg = Debug|Any CPU
		{BD50F01E-22DA-4266-A600-8F3E47FDEC3D}.Debug|Any CPU.Build.0 = Debug|Any CPU
		{BD50F01E-22DA-4266-A600-8F3E47FDEC3D}.Release|Any CPU.ActiveCfg = Release|Any CPU
		{BD50F01E-22DA-4266-A600-8F3E47FDEC3D}.Release|Any CPU.Build.0 = Release|Any CPU
	EndGlobalSection
	GlobalSection(SolutionProperties) = preSolution
		HideSolutionNode = FALSE
	EndGlobalSection
	GlobalSection(ExtensibilityGlobals) = postSolution
		SolutionGuid = {12F9C5D2-0400-4BC7-827B-131315A1B3E4}
	EndGlobalSection
EndGlobal
